
Microsoft Visual Studio Solution File, Format Version 12.00
# Visual Studio Version 17
VisualStudioVersion = 17.7.34031.279
MinimumVisualStudioVersion = 10.0.40219.1
Project("{9A19103F-16F7-4668-BE54-9A1E7A4F7556}") = "AspSolid", "AspSolid.csproj", "{84936015-909F-42A0-A7CE-99EF0779F435}"
EndProject
Global
	GlobalSection(SolutionConfigurationPlatforms) = preSolution
		Debug|Any CPU = Debug|Any CPU
		Release|Any CPU = Release|Any CPU
	EndGlobalSection
	GlobalSection(ProjectConfigurationPlatforms) = postSolution
		{84936015-909F-42A0-A7CE-99EF0779F435}.Debug|Any CPU.ActiveCfg = Debug|Any CPU
		{84936015-909F-42A0-A7CE-99EF0779F435}.Debug|Any CPU.Build.0 = Debug|Any CPU
		{84936015-909F-42A0-A7CE-99EF0779F435}.Release|Any CPU.ActiveCfg = Release|Any CPU
		{84936015-909F-42A0-A7CE-99EF0779F435}.Release|Any CPU.Build.0 = Release|Any CPU
	EndGlobalSection
	GlobalSection(SolutionProperties) = preSolution
		HideSolutionNode = FALSE
	EndGlobalSection
	GlobalSection(ExtensibilityGlobals) = postSolution
		SolutionGuid = {1F48D5FC-78E3-42FD-A71B-80D7CC9DB385}
	EndGlobalSection
EndGlobal
